
Microsoft Visual Studio Solution File, Format Version 12.00
# Visual Studio Version 17
VisualStudioVersion = 17.11.35431.28
MinimumVisualStudioVersion = 10.0.40219.1
Project("{FAE04EC0-301F-11D3-BF4B-00C04F79EFBC}") = "CarEngineExample", "CarEngineExample.csproj", "{310A1A58-6607-44BF-93C2-3105BCCEB0BF}"
EndProject
Global
	GlobalSection(SolutionConfigurationPlatforms) = preSolution
		Debug|Any CPU = Debug|Any CPU
		Release|Any CPU = Release|Any CPU
	EndGlobalSection
	GlobalSection(ProjectConfigurationPlatforms) = postSolution
		{310A1A58-6607-44BF-93C2-3105BCCEB0BF}.Debug|Any CPU.ActiveCfg = Debug|Any CPU
		{310A1A58-6607-44BF-93C2-3105BCCEB0BF}.Debug|Any CPU.Build.0 = Debug|Any CPU
		{310A1A58-6607-44BF-93C2-3105BCCEB0BF}.Release|Any CPU.ActiveCfg = Release|Any CPU
		{310A1A58-6607-44BF-93C2-3105BCCEB0BF}.Release|Any CPU.Build.0 = Release|Any CPU
	EndGlobalSection
	GlobalSection(SolutionProperties) = preSolution
		HideSolutionNode = FALSE
	EndGlobalSection
	GlobalSection(ExtensibilityGlobals) = postSolution
		SolutionGuid = {203A9ACD-7974-4A03-8E74-713E8CC7B58B}
	EndGlobalSection
EndGlobal
